
Microsoft Visual Studio Solution File, Format Version 12.00
# Visual Studio Version 17
VisualStudioVersion = 17.7.34031.279
MinimumVisualStudioVersion = 10.0.40219.1
Project("{9A19103F-16F7-4668-BE54-9A1E7A4F7556}") = "ItExpertTestApi", "ItExpertTestApi\ItExpertTestApi.csproj", "{30C05049-5680-4983-94CF-7ACFAEE506D6}"
EndProject
Project("{FAE04EC0-301F-11D3-BF4B-00C04F79EFBC}") = "ItExpertTestApi.DAL", "ItExpertTestApi.DAL\ItExpertTestApi.DAL.csproj", "{4C2E8078-685F-4259-A829-41EC4F57BAF4}"
EndProject
Global
	GlobalSection(SolutionConfigurationPlatforms) = preSolution
		Debug|Any CPU = Debug|Any CPU
		Release|Any CPU = Release|Any CPU
	EndGlobalSection
	GlobalSection(ProjectConfigurationPlatforms) = postSolution
		{30C05049-5680-4983-94CF-7ACFAEE506D6}.Debug|Any CPU.ActiveCfg = Debug|Any CPU
		{30C05049-5680-4983-94CF-7ACFAEE506D6}.Debug|Any CPU.Build.0 = Debug|Any CPU
		{30C05049-5680-4983-94CF-7ACFAEE506D6}.Release|Any CPU.ActiveCfg = Release|Any CPU
		{30C05049-5680-4983-94CF-7ACFAEE506D6}.Release|Any CPU.Build.0 = Release|Any CPU
		{4C2E8078-685F-4259-A829-41EC4F57BAF4}.Debug|Any CPU.ActiveCfg = Debug|Any CPU
		{4C2E8078-685F-4259-A829-41EC4F57BAF4}.Debug|Any CPU.Build.0 = Debug|Any CPU
		{4C2E8078-685F-4259-A829-41EC4F57BAF4}.Release|Any CPU.ActiveCfg = Release|Any CPU
		{4C2E8078-685F-4259-A829-41EC4F57BAF4}.Release|Any CPU.Build.0 = Release|Any CPU
	EndGlobalSection
	GlobalSection(SolutionProperties) = preSolution
		HideSolutionNode = FALSE
	EndGlobalSection
	GlobalSection(ExtensibilityGlobals) = postSolution
		SolutionGuid = {D422CA58-CE95-41C9-B773-C4A8CF7911EE}
	EndGlobalSection
EndGlobal
